
Microsoft Visual Studio Solution File, Format Version 12.00
# Visual Studio Version 17
VisualStudioVersion = 17.0.31903.59
MinimumVisualStudioVersion = 10.0.40219.1
Project("{FAE04EC0-301F-11D3-BF4B-00C04F79EFBC}") = "UserService", "UserService\UserService.csproj", "{5150CB66-C5B6-4935-AB18-08998AF270D2}"
EndProject
Project("{FAE04EC0-301F-11D3-BF4B-00C04F79EFBC}") = "ProductService", "ProductService\ProductService.csproj", "{E80F3582-62B4-47FE-AE24-50B3F7B70C95}"
EndProject
Project("{FAE04EC0-301F-11D3-BF4B-00C04F79EFBC}") = "OrderService", "OrderService\OrderService.csproj", "{37AC2ABC-C052-49C3-8A74-6A2FD6B3071F}"
EndProject
Project("{FAE04EC0-301F-11D3-BF4B-00C04F79EFBC}") = "Contracts", "Contracts\Contracts.csproj", "{4C8B144D-8691-46DB-8AC6-F5D3F0E40745}"
EndProject
Project("{FAE04EC0-301F-11D3-BF4B-00C04F79EFBC}") = "EventHubService", "EventHubService\EventHubService.csproj", "{9BFBE72C-1979-4E48-9F4E-8BCFD344A199}"
EndProject
Global
	GlobalSection(SolutionConfigurationPlatforms) = preSolution
		Debug|Any CPU = Debug|Any CPU
		Debug|x64 = Debug|x64
		Debug|x86 = Debug|x86
		Release|Any CPU = Release|Any CPU
		Release|x64 = Release|x64
		Release|x86 = Release|x86
	EndGlobalSection
	GlobalSection(ProjectConfigurationPlatforms) = postSolution
		{5150CB66-C5B6-4935-AB18-08998AF270D2}.Debug|Any CPU.ActiveCfg = Debug|Any CPU
		{5150CB66-C5B6-4935-AB18-08998AF270D2}.Debug|Any CPU.Build.0 = Debug|Any CPU
		{5150CB66-C5B6-4935-AB18-08998AF270D2}.Debug|x64.ActiveCfg = Debug|Any CPU
		{5150CB66-C5B6-4935-AB18-08998AF270D2}.Debug|x64.Build.0 = Debug|Any CPU
		{5150CB66-C5B6-4935-AB18-08998AF270D2}.Debug|x86.ActiveCfg = Debug|Any CPU
		{5150CB66-C5B6-4935-AB18-08998AF270D2}.Debug|x86.Build.0 = Debug|Any CPU
		{5150CB66-C5B6-4935-AB18-08998AF270D2}.Release|Any CPU.ActiveCfg = Release|Any CPU
		{5150CB66-C5B6-4935-AB18-08998AF270D2}.Release|Any CPU.Build.0 = Release|Any CPU
		{5150CB66-C5B6-4935-AB18-08998AF270D2}.Release|x64.ActiveCfg = Release|Any CPU
		{5150CB66-C5B6-4935-AB18-08998AF270D2}.Release|x64.Build.0 = Release|Any CPU
		{5150CB66-C5B6-4935-AB18-08998AF270D2}.Release|x86.ActiveCfg = Release|Any CPU
		{5150CB66-C5B6-4935-AB18-08998AF270D2}.Release|x86.Build.0 = Release|Any CPU
		{E80F3582-62B4-47FE-AE24-50B3F7B70C95}.Debug|Any CPU.ActiveCfg = Debug|Any CPU
		{E80F3582-62B4-47FE-AE24-50B3F7B70C95}.Debug|Any CPU.Build.0 = Debug|Any CPU
		{E80F3582-62B4-47FE-AE24-50B3F7B70C95}.Debug|x64.ActiveCfg = Debug|Any CPU
		{E80F3582-62B4-47FE-AE24-50B3F7B70C95}.Debug|x64.Build.0 = Debug|Any CPU
		{E80F3582-62B4-47FE-AE24-50B3F7B70C95}.Debug|x86.ActiveCfg = Debug|Any CPU
		{E80F3582-62B4-47FE-AE24-50B3F7B70C95}.Debug|x86.Build.0 = Debug|Any CPU
		{E80F3582-62B4-47FE-AE24-50B3F7B70C95}.Release|Any CPU.ActiveCfg = Release|Any CPU
		{E80F3582-62B4-47FE-AE24-50B3F7B70C95}.Release|Any CPU.Build.0 = Release|Any CPU
		{E80F3582-62B4-47FE-AE24-50B3F7B70C95}.Release|x64.ActiveCfg = Release|Any CPU
		{E80F3582-62B4-47FE-AE24-50B3F7B70C95}.Release|x64.Build.0 = Release|Any CPU
		{E80F3582-62B4-47FE-AE24-50B3F7B70C95}.Release|x86.ActiveCfg = Release|Any CPU
		{E80F3582-62B4-47FE-AE24-50B3F7B70C95}.Release|x86.Build.0 = Release|Any CPU
		{37AC2ABC-C052-49C3-8A74-6A2FD6B3071F}.Debug|Any CPU.ActiveCfg = Debug|Any CPU
		{37AC2ABC-C052-49C3-8A74-6A2FD6B3071F}.Debug|Any CPU.Build.0 = Debug|Any CPU
		{37AC2ABC-C052-49C3-8A74-6A2FD6B3071F}.Debug|x64.ActiveCfg = Debug|Any CPU
		{37AC2ABC-C052-49C3-8A74-6A2FD6B3071F}.Debug|x64.Build.0 = Debug|Any CPU
		{37AC2ABC-C052-49C3-8A74-6A2FD6B3071F}.Debug|x86.ActiveCfg = Debug|Any CPU
		{37AC2ABC-C052-49C3-8A74-6A2FD6B3071F}.Debug|x86.Build.0 = Debug|Any CPU
		{37AC2ABC-C052-49C3-8A74-6A2FD6B3071F}.Release|Any CPU.ActiveCfg = Release|Any CPU
		{37AC2ABC-C052-49C3-8A74-6A2FD6B3071F}.Release|Any CPU.Build.0 = Release|Any CPU
		{37AC2ABC-C052-49C3-8A74-6A2FD6B3071F}.Release|x64.ActiveCfg = Release|Any CPU
		{37AC2ABC-C052-49C3-8A74-6A2FD6B3071F}.Release|x64.Build.0 = Release|Any CPU
		{37AC2ABC-C052-49C3-8A74-6A2FD6B3071F}.Release|x86.ActiveCfg = Release|Any CPU
		{37AC2ABC-C052-49C3-8A74-6A2FD6B3071F}.Release|x86.Build.0 = Release|Any CPU
		{4C8B144D-8691-46DB-8AC6-F5D3F0E40745}.Debug|Any CPU.ActiveCfg = Debug|Any CPU
		{4C8B144D-8691-46DB-8AC6-F5D3F0E40745}.Debug|Any CPU.Build.0 = Debug|Any CPU
		{4C8B144D-8691-46DB-8AC6-F5D3F0E40745}.Debug|x64.ActiveCfg = Debug|Any CPU
		{4C8B144D-8691-46DB-8AC6-F5D3F0E40745}.Debug|x64.Build.0 = Debug|Any CPU
                {4C8B144D-8691-46DB-8AC6-F5D3F0E40745}.Debug|x86.ActiveCfg = Debug|Any CPU
                {4C8B144D-8691-46DB-8AC6-F5D3F0E40745}.Debug|x86.Build.0 = Debug|Any CPU
                {4C8B144D-8691-46DB-8AC6-F5D3F0E40745}.Release|Any CPU.ActiveCfg = Release|Any CPU
                {4C8B144D-8691-46DB-8AC6-F5D3F0E40745}.Release|Any CPU.Build.0 = Release|Any CPU
                {4C8B144D-8691-46DB-8AC6-F5D3F0E40745}.Release|x64.ActiveCfg = Release|Any CPU
                {4C8B144D-8691-46DB-8AC6-F5D3F0E40745}.Release|x64.Build.0 = Release|Any CPU
                {4C8B144D-8691-46DB-8AC6-F5D3F0E40745}.Release|x86.ActiveCfg = Release|Any CPU
                {4C8B144D-8691-46DB-8AC6-F5D3F0E40745}.Release|x86.Build.0 = Release|Any CPU
                {9BFBE72C-1979-4E48-9F4E-8BCFD344A199}.Debug|Any CPU.ActiveCfg = Debug|Any CPU
                {9BFBE72C-1979-4E48-9F4E-8BCFD344A199}.Debug|Any CPU.Build.0 = Debug|Any CPU
                {9BFBE72C-1979-4E48-9F4E-8BCFD344A199}.Debug|x64.ActiveCfg = Debug|Any CPU
                {9BFBE72C-1979-4E48-9F4E-8BCFD344A199}.Debug|x64.Build.0 = Debug|Any CPU
                {9BFBE72C-1979-4E48-9F4E-8BCFD344A199}.Debug|x86.ActiveCfg = Debug|Any CPU
                {9BFBE72C-1979-4E48-9F4E-8BCFD344A199}.Debug|x86.Build.0 = Debug|Any CPU
                {9BFBE72C-1979-4E48-9F4E-8BCFD344A199}.Release|Any CPU.ActiveCfg = Release|Any CPU
                {9BFBE72C-1979-4E48-9F4E-8BCFD344A199}.Release|Any CPU.Build.0 = Release|Any CPU
                {9BFBE72C-1979-4E48-9F4E-8BCFD344A199}.Release|x64.ActiveCfg = Release|Any CPU
                {9BFBE72C-1979-4E48-9F4E-8BCFD344A199}.Release|x64.Build.0 = Release|Any CPU
                {9BFBE72C-1979-4E48-9F4E-8BCFD344A199}.Release|x86.ActiveCfg = Release|Any CPU
                {9BFBE72C-1979-4E48-9F4E-8BCFD344A199}.Release|x86.Build.0 = Release|Any CPU
        EndGlobalSection
	GlobalSection(SolutionProperties) = preSolution
		HideSolutionNode = FALSE
	EndGlobalSection
EndGlobal
